
Microsoft Visual Studio Solution File, Format Version 12.00
# Visual Studio Version 17
VisualStudioVersion = 17.7.34009.444
MinimumVisualStudioVersion = 10.0.40219.1
Project("{FAE04EC0-301F-11D3-BF4B-00C04F79EFBC}") = "MSTestMoodAnalyserAssignment", "MSTestMoodAnalyserAssignment.csproj", "{7081B152-B4BC-4269-AAC4-2B8FB09789F4}"
EndProject
Project("{FAE04EC0-301F-11D3-BF4B-00C04F79EFBC}") = "MoodTester", "..\MoodTester\MoodTester.csproj", "{8B773023-87FA-4A23-956F-319AB68E13EA}"
EndProject
Global
	GlobalSection(SolutionConfigurationPlatforms) = preSolution
		Debug|Any CPU = Debug|Any CPU
		Release|Any CPU = Release|Any CPU
	EndGlobalSection
	GlobalSection(ProjectConfigurationPlatforms) = postSolution
		{7081B152-B4BC-4269-AAC4-2B8FB09789F4}.Debug|Any CPU.ActiveCfg = Debug|Any CPU
		{7081B152-B4BC-4269-AAC4-2B8FB09789F4}.Debug|Any CPU.Build.0 = Debug|Any CPU
		{7081B152-B4BC-4269-AAC4-2B8FB09789F4}.Release|Any CPU.ActiveCfg = Release|Any CPU
		{7081B152-B4BC-4269-AAC4-2B8FB09789F4}.Release|Any CPU.Build.0 = Release|Any CPU
		{8B773023-87FA-4A23-956F-319AB68E13EA}.Debug|Any CPU.ActiveCfg = Debug|Any CPU
		{8B773023-87FA-4A23-956F-319AB68E13EA}.Debug|Any CPU.Build.0 = Debug|Any CPU
		{8B773023-87FA-4A23-956F-319AB68E13EA}.Release|Any CPU.ActiveCfg = Release|Any CPU
		{8B773023-87FA-4A23-956F-319AB68E13EA}.Release|Any CPU.Build.0 = Release|Any CPU
	EndGlobalSection
	GlobalSection(SolutionProperties) = preSolution
		HideSolutionNode = FALSE
	EndGlobalSection
	GlobalSection(ExtensibilityGlobals) = postSolution
		SolutionGuid = {F5CBA263-4D45-497C-BC5F-ABA09EAC3506}
	EndGlobalSection
EndGlobal
